
Microsoft Visual Studio Solution File, Format Version 12.00
Project("{FAE04EC0-301F-11D3-BF4B-00C04F79EFBC}") = "Zovies.Backend", "Zovies.Backend\Zovies.Backend.csproj", "{F50EDE31-8542-407A-B2DF-25FEF536B09D}"
EndProject
Project("{FAE04EC0-301F-11D3-BF4B-00C04F79EFBC}") = "Zovies.UnitTest", "Zovies.UnitTest\Zovies.UnitTest.csproj", "{40B4FC27-8022-4827-A375-E86E4916FECE}"
EndProject
Global
	GlobalSection(SolutionConfigurationPlatforms) = preSolution
		Debug|Any CPU = Debug|Any CPU
		Release|Any CPU = Release|Any CPU
	EndGlobalSection
	GlobalSection(ProjectConfigurationPlatforms) = postSolution
		{F50EDE31-8542-407A-B2DF-25FEF536B09D}.Debug|Any CPU.ActiveCfg = Debug|Any CPU
		{F50EDE31-8542-407A-B2DF-25FEF536B09D}.Debug|Any CPU.Build.0 = Debug|Any CPU
		{F50EDE31-8542-407A-B2DF-25FEF536B09D}.Release|Any CPU.ActiveCfg = Release|Any CPU
		{F50EDE31-8542-407A-B2DF-25FEF536B09D}.Release|Any CPU.Build.0 = Release|Any CPU
		{40B4FC27-8022-4827-A375-E86E4916FECE}.Debug|Any CPU.ActiveCfg = Debug|Any CPU
		{40B4FC27-8022-4827-A375-E86E4916FECE}.Debug|Any CPU.Build.0 = Debug|Any CPU
		{40B4FC27-8022-4827-A375-E86E4916FECE}.Release|Any CPU.ActiveCfg = Release|Any CPU
		{40B4FC27-8022-4827-A375-E86E4916FECE}.Release|Any CPU.Build.0 = Release|Any CPU
	EndGlobalSection
EndGlobal
