
Microsoft Visual Studio Solution File, Format Version 12.00
Project("{FAE04EC0-301F-11D3-BF4B-00C04F79EFBC}") = "Zovies", "Zovies\Zovies.csproj", "{FD12A4FA-70C8-40CF-8165-4F9B8C1BCE57}"
EndProject
Global
	GlobalSection(SolutionConfigurationPlatforms) = preSolution
		Debug|Any CPU = Debug|Any CPU
		Release|Any CPU = Release|Any CPU
	EndGlobalSection
	GlobalSection(ProjectConfigurationPlatforms) = postSolution
		{FD12A4FA-70C8-40CF-8165-4F9B8C1BCE57}.Debug|Any CPU.ActiveCfg = Debug|Any CPU
		{FD12A4FA-70C8-40CF-8165-4F9B8C1BCE57}.Debug|Any CPU.Build.0 = Debug|Any CPU
		{FD12A4FA-70C8-40CF-8165-4F9B8C1BCE57}.Release|Any CPU.ActiveCfg = Release|Any CPU
		{FD12A4FA-70C8-40CF-8165-4F9B8C1BCE57}.Release|Any CPU.Build.0 = Release|Any CPU
	EndGlobalSection
EndGlobal
